
Microsoft Visual Studio Solution File, Format Version 12.00
# Visual Studio Version 17
VisualStudioVersion = 17.8.34511.84
MinimumVisualStudioVersion = 10.0.40219.1
Project("{FAE04EC0-301F-11D3-BF4B-00C04F79EFBC}") = "MaquinaVending", "MaquinaVending\MaquinaVending.csproj", "{B24C401A-D337-42FA-A796-31FFF5F1CD9A}"
EndProject
Global
	GlobalSection(SolutionConfigurationPlatforms) = preSolution
		Debug|Any CPU = Debug|Any CPU
		Release|Any CPU = Release|Any CPU
	EndGlobalSection
	GlobalSection(ProjectConfigurationPlatforms) = postSolution
		{B24C401A-D337-42FA-A796-31FFF5F1CD9A}.Debug|Any CPU.ActiveCfg = Debug|Any CPU
		{B24C401A-D337-42FA-A796-31FFF5F1CD9A}.Debug|Any CPU.Build.0 = Debug|Any CPU
		{B24C401A-D337-42FA-A796-31FFF5F1CD9A}.Release|Any CPU.ActiveCfg = Release|Any CPU
		{B24C401A-D337-42FA-A796-31FFF5F1CD9A}.Release|Any CPU.Build.0 = Release|Any CPU
	EndGlobalSection
	GlobalSection(SolutionProperties) = preSolution
		HideSolutionNode = FALSE
	EndGlobalSection
	GlobalSection(ExtensibilityGlobals) = postSolution
		SolutionGuid = {CC59606E-DF48-4486-9013-1A32F92F8CBA}
	EndGlobalSection
EndGlobal
